Microsoft Visual Studio Solution File, Format Version 12.00
# Visual Studio 2012
Project("{FAE04EC0-301F-11D3-BF4B-00C04F79EFBC}") = "2D Squash the Creeps", "2D Squash the Creeps.csproj", "{017F4D16-A04A-436C-B9D5-59E8958B08E4}"
EndProject
Global
	GlobalSection(SolutionConfigurationPlatforms) = preSolution
	Debug|Any CPU = Debug|Any CPU
	ExportDebug|Any CPU = ExportDebug|Any CPU
	ExportRelease|Any CPU = ExportRelease|Any CPU
	EndGlobalSection
	GlobalSection(ProjectConfigurationPlatforms) = postSolution
		{017F4D16-A04A-436C-B9D5-59E8958B08E4}.Debug|Any CPU.ActiveCfg = Debug|Any CPU
		{017F4D16-A04A-436C-B9D5-59E8958B08E4}.Debug|Any CPU.Build.0 = Debug|Any CPU
		{017F4D16-A04A-436C-B9D5-59E8958B08E4}.ExportDebug|Any CPU.ActiveCfg = ExportDebug|Any CPU
		{017F4D16-A04A-436C-B9D5-59E8958B08E4}.ExportDebug|Any CPU.Build.0 = ExportDebug|Any CPU
		{017F4D16-A04A-436C-B9D5-59E8958B08E4}.ExportRelease|Any CPU.ActiveCfg = ExportRelease|Any CPU
		{017F4D16-A04A-436C-B9D5-59E8958B08E4}.ExportRelease|Any CPU.Build.0 = ExportRelease|Any CPU
	EndGlobalSection
EndGlobal
